
Microsoft Visual Studio Solution File, Format Version 12.00
# Visual Studio Version 17
VisualStudioVersion = 17.7.34009.444
MinimumVisualStudioVersion = 10.0.40219.1
Project("{FAE04EC0-301F-11D3-BF4B-00C04F79EFBC}") = "AestheticShop", "AestheticShop\AestheticShop.csproj", "{CBD00935-80C3-47E1-852E-3231A0D1E258}"
EndProject
Global
	GlobalSection(SolutionConfigurationPlatforms) = preSolution
		Debug|Any CPU = Debug|Any CPU
		Release|Any CPU = Release|Any CPU
	EndGlobalSection
	GlobalSection(ProjectConfigurationPlatforms) = postSolution
		{CBD00935-80C3-47E1-852E-3231A0D1E258}.Debug|Any CPU.ActiveCfg = Debug|Any CPU
		{CBD00935-80C3-47E1-852E-3231A0D1E258}.Debug|Any CPU.Build.0 = Debug|Any CPU
		{CBD00935-80C3-47E1-852E-3231A0D1E258}.Release|Any CPU.ActiveCfg = Release|Any CPU
		{CBD00935-80C3-47E1-852E-3231A0D1E258}.Release|Any CPU.Build.0 = Release|Any CPU
	EndGlobalSection
	GlobalSection(SolutionProperties) = preSolution
		HideSolutionNode = FALSE
	EndGlobalSection
	GlobalSection(ExtensibilityGlobals) = postSolution
		SolutionGuid = {6BF71B29-5C62-4C2C-8703-1D39604696B1}
	EndGlobalSection
EndGlobal
